# generated by rye
# use `rye lock` or `rye sync` to update this lockfile
#
# last locked with the following flags:
#   pre: false
#   features: []
#   all-features: false

-e file:.
aiohttp==3.8.6
aiosignal==1.3.1
async-timeout==4.0.3
attrs==23.1.0
babel==2.13.0
black==23.1.0
build==1.0.3
certifi==2023.7.22
cfgv==3.4.0
charset-normalizer==3.3.0
click==8.1.7
cloudpickle==3.0.0
colorama==0.4.6
coverage==7.3.2
distlib==0.3.7
exceptiongroup==1.1.3
execnet==2.0.2
filelock==3.12.4
frozenlist==1.4.0
ghp-import==2.1.0
griffe==0.36.7
identify==2.5.30
idna==3.4
iniconfig==2.0.0
jinja2==3.1.2
markdown==3.5
markdown-it-py==3.0.0
markupsafe==2.1.3
mdurl==0.1.2
mergedeep==1.3.4
mkdocs==1.5.3
mkdocs-autorefs==0.5.0
mkdocs-material==9.4.6
mkdocs-material-extensions==1.3
mkdocstrings==0.23.0
mkdocstrings-python==1.7.3
multidict==6.0.4
mypy==1.6.1
mypy-extensions==1.0.0
nodeenv==1.8.0
packaging==23.2
paginate==0.5.6
pathspec==0.11.2
platformdirs==3.11.0
pluggy==1.3.0
pre-commit==3.5.0
psutil==5.9.6
pygments==2.16.1
pymdown-extensions==10.3
pynvml==11.4.1
pyproject-hooks==1.0.0
pytest==7.4.2
pytest-cov==4.1.0
pytest-rerunfailures==12.0
pytest-xdist==3.3.1
python-dateutil==2.8.2
pyyaml==6.0.1
pyyaml-env-tag==0.1
regex==2023.10.3
requests==2.31.0
rich==13.6.0
ruff==0.0.270
scalene==1.5.21.4
six==1.16.0
tomli==2.0.1
typing-extensions==4.8.0
urllib3==2.0.7
virtualenv==20.24.5
watchdog==3.0.0
wheel==0.41.2
yarl==1.9.2
# The following packages are considered to be unsafe in a requirements file:
setuptools==68.2.2
